
Microsoft Visual Studio Solution File, Format Version 12.00
# Visual Studio 15
VisualStudioVersion = 15.0.26403.7
MinimumVisualStudioVersion = 10.0.40219.1
Project("{FAE04EC0-301F-11D3-BF4B-00C04F79EFBC}") = "Bootcamp32ASP", "Bootcamp32ASP\Bootcamp32ASP.csproj", "{22508D7B-3DA6-4D90-AADF-6823D07350AF}"
EndProject
Project("{FAE04EC0-301F-11D3-BF4B-00C04F79EFBC}") = "Data", "Data\Data.csproj", "{7672D713-3AE0-41F1-8DC2-9B00C3725EF9}"
EndProject
Project("{FAE04EC0-301F-11D3-BF4B-00C04F79EFBC}") = "API", "API\API.csproj", "{3EDE7A9A-00AB-483F-934A-EB6C7365B19F}"
EndProject
Global
	GlobalSection(SolutionConfigurationPlatforms) = preSolution
		Debug|Any CPU = Debug|Any CPU
		Release|Any CPU = Release|Any CPU
	EndGlobalSection
	GlobalSection(ProjectConfigurationPlatforms) = postSolution
		{22508D7B-3DA6-4D90-AADF-6823D07350AF}.Debug|Any CPU.ActiveCfg = Debug|Any CPU
		{22508D7B-3DA6-4D90-AADF-6823D07350AF}.Debug|Any CPU.Build.0 = Debug|Any CPU
		{22508D7B-3DA6-4D90-AADF-6823D07350AF}.Release|Any CPU.ActiveCfg = Release|Any CPU
		{22508D7B-3DA6-4D90-AADF-6823D07350AF}.Release|Any CPU.Build.0 = Release|Any CPU
		{7672D713-3AE0-41F1-8DC2-9B00C3725EF9}.Debug|Any CPU.ActiveCfg = Debug|Any CPU
		{7672D713-3AE0-41F1-8DC2-9B00C3725EF9}.Debug|Any CPU.Build.0 = Debug|Any CPU
		{7672D713-3AE0-41F1-8DC2-9B00C3725EF9}.Release|Any CPU.ActiveCfg = Release|Any CPU
		{7672D713-3AE0-41F1-8DC2-9B00C3725EF9}.Release|Any CPU.Build.0 = Release|Any CPU
		{3EDE7A9A-00AB-483F-934A-EB6C7365B19F}.Debug|Any CPU.ActiveCfg = Debug|Any CPU
		{3EDE7A9A-00AB-483F-934A-EB6C7365B19F}.Debug|Any CPU.Build.0 = Debug|Any CPU
		{3EDE7A9A-00AB-483F-934A-EB6C7365B19F}.Release|Any CPU.ActiveCfg = Release|Any CPU
		{3EDE7A9A-00AB-483F-934A-EB6C7365B19F}.Release|Any CPU.Build.0 = Release|Any CPU
	EndGlobalSection
	GlobalSection(SolutionProperties) = preSolution
		HideSolutionNode = FALSE
	EndGlobalSection
EndGlobal
